
Microsoft Visual Studio Solution File, Format Version 12.00
# Visual Studio Version 17
VisualStudioVersion = 17.8.34511.84
MinimumVisualStudioVersion = 10.0.40219.1
Project("{FAE04EC0-301F-11D3-BF4B-00C04F79EFBC}") = "WPF-paiva2-laskin", "WPF-paiva2-laskin\WPF-paiva2-laskin.csproj", "{E3DA820E-6309-463E-A084-3E7B4CA09B9A}"
EndProject
Global
	GlobalSection(SolutionConfigurationPlatforms) = preSolution
		Debug|Any CPU = Debug|Any CPU
		Release|Any CPU = Release|Any CPU
	EndGlobalSection
	GlobalSection(ProjectConfigurationPlatforms) = postSolution
		{E3DA820E-6309-463E-A084-3E7B4CA09B9A}.Debug|Any CPU.ActiveCfg = Debug|Any CPU
		{E3DA820E-6309-463E-A084-3E7B4CA09B9A}.Debug|Any CPU.Build.0 = Debug|Any CPU
		{E3DA820E-6309-463E-A084-3E7B4CA09B9A}.Release|Any CPU.ActiveCfg = Release|Any CPU
		{E3DA820E-6309-463E-A084-3E7B4CA09B9A}.Release|Any CPU.Build.0 = Release|Any CPU
	EndGlobalSection
	GlobalSection(SolutionProperties) = preSolution
		HideSolutionNode = FALSE
	EndGlobalSection
	GlobalSection(ExtensibilityGlobals) = postSolution
		SolutionGuid = {282C13AD-5D3D-4751-BD0C-CF14D14C0227}
	EndGlobalSection
EndGlobal
